
Microsoft Visual Studio Solution File, Format Version 12.00
# Visual Studio 15
VisualStudioVersion = 15.0.26730.16
MinimumVisualStudioVersion = 10.0.40219.1
Project("{9A19103F-16F7-4668-BE54-9A1E7A4F7556}") = "Ubiquity.ArgValidators", "Argument.Validators\Ubiquity.ArgValidators.csproj", "{16660D7A-0262-4CB8-A73F-8519561023EE}"
EndProject
Project("{2150E333-8FDC-42A3-9474-1A3956D46DE8}") = "Solution Items", "Solution Items", "{BBF654AA-25D4-4887-9CEA-CC5F78FDC010}"
	ProjectSection(SolutionItems) = preProject
		..\appveyor.yml = ..\appveyor.yml
		..\Build-docs.ps1 = ..\Build-docs.ps1
		..\BuildVersion.xml = ..\BuildVersion.xml
		..\Directory.Build.props = ..\Directory.Build.props
		..\Directory.Build.targets = ..\Directory.Build.targets
		..\README.md = ..\README.md
	EndProjectSection
EndProject
Project("{9A19103F-16F7-4668-BE54-9A1E7A4F7556}") = "ArgValidator.Tests", "ArgValidator.Tests\ArgValidator.Tests.csproj", "{DB13C677-AD9D-41AC-8A77-815EBA621BAA}"
EndProject
Project("{9A19103F-16F7-4668-BE54-9A1E7A4F7556}") = "Docfx", "..\docfx\Docfx.csproj", "{9F81DFDB-591F-4489-8AC3-BE21E40386B1}"
	ProjectSection(ProjectDependencies) = postProject
		{16660D7A-0262-4CB8-A73F-8519561023EE} = {16660D7A-0262-4CB8-A73F-8519561023EE}
	EndProjectSection
EndProject
Global
	GlobalSection(SolutionConfigurationPlatforms) = preSolution
		Debug|Any CPU = Debug|Any CPU
		Release|Any CPU = Release|Any CPU
	EndGlobalSection
	GlobalSection(ProjectConfigurationPlatforms) = postSolution
		{16660D7A-0262-4CB8-A73F-8519561023EE}.Debug|Any CPU.ActiveCfg = Debug|Any CPU
		{16660D7A-0262-4CB8-A73F-8519561023EE}.Debug|Any CPU.Build.0 = Debug|Any CPU
		{16660D7A-0262-4CB8-A73F-8519561023EE}.Release|Any CPU.ActiveCfg = Release|Any CPU
		{16660D7A-0262-4CB8-A73F-8519561023EE}.Release|Any CPU.Build.0 = Release|Any CPU
		{DB13C677-AD9D-41AC-8A77-815EBA621BAA}.Debug|Any CPU.ActiveCfg = Debug|Any CPU
		{DB13C677-AD9D-41AC-8A77-815EBA621BAA}.Debug|Any CPU.Build.0 = Debug|Any CPU
		{DB13C677-AD9D-41AC-8A77-815EBA621BAA}.Release|Any CPU.ActiveCfg = Release|Any CPU
		{DB13C677-AD9D-41AC-8A77-815EBA621BAA}.Release|Any CPU.Build.0 = Release|Any CPU
		{9F81DFDB-591F-4489-8AC3-BE21E40386B1}.Debug|Any CPU.ActiveCfg = Debug|Any CPU
		{9F81DFDB-591F-4489-8AC3-BE21E40386B1}.Debug|Any CPU.Build.0 = Debug|Any CPU
		{9F81DFDB-591F-4489-8AC3-BE21E40386B1}.Release|Any CPU.ActiveCfg = Release|Any CPU
		{9F81DFDB-591F-4489-8AC3-BE21E40386B1}.Release|Any CPU.Build.0 = Release|Any CPU
	EndGlobalSection
	GlobalSection(SolutionProperties) = preSolution
		HideSolutionNode = FALSE
	EndGlobalSection
	GlobalSection(ExtensibilityGlobals) = postSolution
		SolutionGuid = {B2E47A02-7DD7-496D-B863-589EECB0295C}
	EndGlobalSection
EndGlobal
